
Microsoft Visual Studio Solution File, Format Version 12.00
# Visual Studio Version 16
VisualStudioVersion = 16.0.30204.135
MinimumVisualStudioVersion = 10.0.40219.1
Project("{FAE04EC0-301F-11D3-BF4B-00C04F79EFBC}") = "ConnectingToLocalSQLServer", "ConnectingToLocalSQLServer\ConnectingToLocalSQLServer.csproj", "{CF096DB1-E5E4-47BA-8762-E5AD1DDD773E}"
EndProject
Global
	GlobalSection(SolutionConfigurationPlatforms) = preSolution
		Debug|Any CPU = Debug|Any CPU
		Release|Any CPU = Release|Any CPU
	EndGlobalSection
	GlobalSection(ProjectConfigurationPlatforms) = postSolution
		{CF096DB1-E5E4-47BA-8762-E5AD1DDD773E}.Debug|Any CPU.ActiveCfg = Debug|Any CPU
		{CF096DB1-E5E4-47BA-8762-E5AD1DDD773E}.Debug|Any CPU.Build.0 = Debug|Any CPU
		{CF096DB1-E5E4-47BA-8762-E5AD1DDD773E}.Release|Any CPU.ActiveCfg = Release|Any CPU
		{CF096DB1-E5E4-47BA-8762-E5AD1DDD773E}.Release|Any CPU.Build.0 = Release|Any CPU
	EndGlobalSection
	GlobalSection(SolutionProperties) = preSolution
		HideSolutionNode = FALSE
	EndGlobalSection
	GlobalSection(ExtensibilityGlobals) = postSolution
		SolutionGuid = {A5EB3F91-E42E-4E2C-8AD0-2400D0C6F044}
	EndGlobalSection
EndGlobal
